
Microsoft Visual Studio Solution File, Format Version 12.00
Project("{FAE04EC0-301F-11D3-BF4B-00C04F79EFBC}") = "GrpcEchoExample", "GrpcEchoExample\GrpcEchoExample.csproj", "{FE5FC9D5-8D13-4B10-A633-2BD82D113C82}"
EndProject
Project("{FAE04EC0-301F-11D3-BF4B-00C04F79EFBC}") = "GrpcEchoClient", "GrpcEchoClient\GrpcEchoClient.csproj", "{2073E188-0830-499D-847D-2AFFB42F11B5}"
EndProject
Global
	GlobalSection(SolutionConfigurationPlatforms) = preSolution
		Debug|Any CPU = Debug|Any CPU
		Release|Any CPU = Release|Any CPU
	EndGlobalSection
	GlobalSection(ProjectConfigurationPlatforms) = postSolution
		{FE5FC9D5-8D13-4B10-A633-2BD82D113C82}.Debug|Any CPU.ActiveCfg = Debug|Any CPU
		{FE5FC9D5-8D13-4B10-A633-2BD82D113C82}.Debug|Any CPU.Build.0 = Debug|Any CPU
		{FE5FC9D5-8D13-4B10-A633-2BD82D113C82}.Release|Any CPU.ActiveCfg = Release|Any CPU
		{FE5FC9D5-8D13-4B10-A633-2BD82D113C82}.Release|Any CPU.Build.0 = Release|Any CPU
		{2073E188-0830-499D-847D-2AFFB42F11B5}.Debug|Any CPU.ActiveCfg = Debug|Any CPU
		{2073E188-0830-499D-847D-2AFFB42F11B5}.Debug|Any CPU.Build.0 = Debug|Any CPU
		{2073E188-0830-499D-847D-2AFFB42F11B5}.Release|Any CPU.ActiveCfg = Release|Any CPU
		{2073E188-0830-499D-847D-2AFFB42F11B5}.Release|Any CPU.Build.0 = Release|Any CPU
	EndGlobalSection
EndGlobal
